
Microsoft Visual Studio Solution File, Format Version 12.00
# Visual Studio Version 16
VisualStudioVersion = 16.0.29326.143
MinimumVisualStudioVersion = 10.0.40219.1
Project("{FAE04EC0-301F-11D3-BF4B-00C04F79EFBC}") = "FinalProject", "FinalProject\FinalProject.csproj", "{1C250999-7B03-4B1F-9C7A-E7C424CAB4EB}"
EndProject
Global
	GlobalSection(SolutionConfigurationPlatforms) = preSolution
		Debug|Any CPU = Debug|Any CPU
		Release|Any CPU = Release|Any CPU
	EndGlobalSection
	GlobalSection(ProjectConfigurationPlatforms) = postSolution
		{1C250999-7B03-4B1F-9C7A-E7C424CAB4EB}.Debug|Any CPU.ActiveCfg = Debug|Any CPU
		{1C250999-7B03-4B1F-9C7A-E7C424CAB4EB}.Debug|Any CPU.Build.0 = Debug|Any CPU
		{1C250999-7B03-4B1F-9C7A-E7C424CAB4EB}.Release|Any CPU.ActiveCfg = Release|Any CPU
		{1C250999-7B03-4B1F-9C7A-E7C424CAB4EB}.Release|Any CPU.Build.0 = Release|Any CPU
	EndGlobalSection
	GlobalSection(SolutionProperties) = preSolution
		HideSolutionNode = FALSE
	EndGlobalSection
	GlobalSection(ExtensibilityGlobals) = postSolution
		SolutionGuid = {4DE99FE0-2B39-4612-AA1C-2A7698840CDE}
	EndGlobalSection
EndGlobal
